
Microsoft Visual Studio Solution File, Format Version 12.00
# Visual Studio Version 17
VisualStudioVersion = 17.2.32526.322
MinimumVisualStudioVersion = 10.0.40219.1
Project("{FAE04EC0-301F-11D3-BF4B-00C04F79EFBC}") = "Web410828739_0616", "Web410828739_0616\Web410828739_0616.csproj", "{FC0E6A03-12AB-440E-9357-EE8A630BA546}"
EndProject
Global
	GlobalSection(SolutionConfigurationPlatforms) = preSolution
		Debug|Any CPU = Debug|Any CPU
		Release|Any CPU = Release|Any CPU
	EndGlobalSection
	GlobalSection(ProjectConfigurationPlatforms) = postSolution
		{FC0E6A03-12AB-440E-9357-EE8A630BA546}.Debug|Any CPU.ActiveCfg = Debug|Any CPU
		{FC0E6A03-12AB-440E-9357-EE8A630BA546}.Debug|Any CPU.Build.0 = Debug|Any CPU
		{FC0E6A03-12AB-440E-9357-EE8A630BA546}.Release|Any CPU.ActiveCfg = Release|Any CPU
		{FC0E6A03-12AB-440E-9357-EE8A630BA546}.Release|Any CPU.Build.0 = Release|Any CPU
	EndGlobalSection
	GlobalSection(SolutionProperties) = preSolution
		HideSolutionNode = FALSE
	EndGlobalSection
	GlobalSection(ExtensibilityGlobals) = postSolution
		SolutionGuid = {7311345B-66E6-4F54-B684-0A79FB55AAA5}
	EndGlobalSection
EndGlobal
